
Microsoft Visual Studio Solution File, Format Version 12.00
# Visual Studio Version 17
VisualStudioVersion = 17.6.33815.320
MinimumVisualStudioVersion = 10.0.40219.1
Project("{FAE04EC0-301F-11D3-BF4B-00C04F79EFBC}") = "mqtt2", "mqtt2\mqtt2.csproj", "{50C20600-D8E8-45E9-9A42-141DF2E05667}"
EndProject
Global
	GlobalSection(SolutionConfigurationPlatforms) = preSolution
		Debug|Any CPU = Debug|Any CPU
		Release|Any CPU = Release|Any CPU
	EndGlobalSection
	GlobalSection(ProjectConfigurationPlatforms) = postSolution
		{50C20600-D8E8-45E9-9A42-141DF2E05667}.Debug|Any CPU.ActiveCfg = Debug|Any CPU
		{50C20600-D8E8-45E9-9A42-141DF2E05667}.Debug|Any CPU.Build.0 = Debug|Any CPU
		{50C20600-D8E8-45E9-9A42-141DF2E05667}.Release|Any CPU.ActiveCfg = Release|Any CPU
		{50C20600-D8E8-45E9-9A42-141DF2E05667}.Release|Any CPU.Build.0 = Release|Any CPU
	EndGlobalSection
	GlobalSection(SolutionProperties) = preSolution
		HideSolutionNode = FALSE
	EndGlobalSection
	GlobalSection(ExtensibilityGlobals) = postSolution
		SolutionGuid = {794EA3D7-B744-4B05-A7E2-30A6991E35F5}
	EndGlobalSection
EndGlobal
